
Microsoft Visual Studio Solution File, Format Version 12.00
# Visual Studio 15
VisualStudioVersion = 15.0.27703.2026
MinimumVisualStudioVersion = 10.0.40219.1
Project("{FAE04EC0-301F-11D3-BF4B-00C04F79EFBC}") = "PrDC.Products.Web", "PrDC.Products.Web\PrDC.Products.Web.csproj", "{6E6B861A-1C51-40B0-A0F6-AFC19333660F}"
EndProject
Global
	GlobalSection(SolutionConfigurationPlatforms) = preSolution
		Debug|Any CPU = Debug|Any CPU
		Release|Any CPU = Release|Any CPU
	EndGlobalSection
	GlobalSection(ProjectConfigurationPlatforms) = postSolution
		{6E6B861A-1C51-40B0-A0F6-AFC19333660F}.Debug|Any CPU.ActiveCfg = Debug|Any CPU
		{6E6B861A-1C51-40B0-A0F6-AFC19333660F}.Debug|Any CPU.Build.0 = Debug|Any CPU
		{6E6B861A-1C51-40B0-A0F6-AFC19333660F}.Release|Any CPU.ActiveCfg = Release|Any CPU
		{6E6B861A-1C51-40B0-A0F6-AFC19333660F}.Release|Any CPU.Build.0 = Release|Any CPU
	EndGlobalSection
	GlobalSection(SolutionProperties) = preSolution
		HideSolutionNode = FALSE
	EndGlobalSection
	GlobalSection(ExtensibilityGlobals) = postSolution
		SolutionGuid = {1C2412EC-96DC-4C6C-A46B-7F5590C8CFA2}
	EndGlobalSection
EndGlobal
